{
  "version": 4,
  "terraform_version": "0.12.1",
  "serial": 261,
  "lineage": "cd237f43-d425-9fa9-6bf9-f708be28ab40",
  "outputs": {},
  "resources": [
    {
      "mode": "managed",
      "type": "google_compute_firewall",
      "name": "private-blockchain",
      "provider": "provider.google",
      "instances": [
        {
          "schema_version": 1,
          "attributes": {
            "allow": [
              {
                "ports": [
                  "30300-30309"
                ],
                "protocol": "udp"
              },
              {
                "ports": [
                  "8000-8010",
                  "30300-30309"
                ],
                "protocol": "tcp"
              }
            ],
            "creation_timestamp": "2019-07-09T03:30:38.749-07:00",
            "deny": [],
            "description": "",
            "destination_ranges": [],
            "direction": "INGRESS",
            "disabled": false,
            "id": "private-blockchain",
            "name": "private-blockchain",
            "network": "https://www.googleapis.com/compute/v1/projects/able-balm-233517/global/networks/default",
            "priority": 1000,
            "project": "able-balm-233517",
            "self_link": "https://www.googleapis.com/compute/v1/projects/able-balm-233517/global/firewalls/private-blockchain",
            "source_ranges": [],
            "source_service_accounts": null,
            "source_tags": [
              "startup-node"
            ],
            "target_service_accounts": null,
            "target_tags": [
              "startup-node"
            ],
            "timeouts": null
          }
        }
      ]
    },
    {
      "mode": "managed",
      "type": "google_compute_instance",
      "name": "bootnode",
      "provider": "provider.google",
      "instances": [
        {
          "schema_version": 6,
          "attributes": {
            "allow_stopping_for_update": null,
            "attached_disk": [],
            "boot_disk": [
              {
                "auto_delete": true,
                "device_name": "persistent-disk-0",
                "disk_encryption_key_raw": "",
                "disk_encryption_key_sha256": "",
                "initialize_params": [
                  {
                    "image": "https://www.googleapis.com/compute/v1/projects/ubuntu-os-cloud/global/images/ubuntu-1604-xenial-v20190628",
                    "size": 50,
                    "type": "pd-standard"
                  }
                ],
                "kms_key_self_link": "",
                "source": "https://www.googleapis.com/compute/v1/projects/able-balm-233517/zones/asia-east1-a/disks/bootnode"
              }
            ],
            "can_ip_forward": false,
            "cpu_platform": "Intel Broadwell",
            "deletion_protection": false,
            "description": null,
            "disk": [],
            "guest_accelerator": [],
            "hostname": "",
            "id": "bootnode",
            "instance_id": "7838962861036130879",
            "label_fingerprint": "42WmSpB8rSM=",
            "labels": null,
            "machine_type": "n1-standard-1",
            "metadata": {
              "foo": "bar",
              "startup-script": "#! /bin/bash\nsudo apt-get update\nsudo apt-get install -yq build-essential python-pip rsync\nsudo apt-get install software-properties-common\nsudo add-apt-repository -y ppa:ethereum/ethereum\nsudo apt-get update\nsudo apt-get install ethereum -y\nbootnode -genkey boot.key\nvar1=$(bootnode -nodekey boot.key -writeaddress) \nvar2=$(hostname -I) \nvar3=\"${var2::-1}\"\necho \"\"enode://\"\"$var1\"\"@\"\"${var2::-1}\"\":30301\"\" \u003e\u003e /home/output.txt\ngsutil cp /home/output.txt gs://blockchain-123/\nbootnode -nodekey boot.key -verbosity 9 -addr 0.0.0.0:30301\n\n\n\n\n     \n"
            },
            "metadata_fingerprint": "mc_qdsn2Y30=",
            "metadata_startup_script": null,
            "min_cpu_platform": "",
            "name": "bootnode",
            "network_interface": [
              {
                "access_config": [
                  {
                    "assigned_nat_ip": "",
                    "nat_ip": "35.221.227.167",
                    "network_tier": "PREMIUM",
                    "public_ptr_domain_name": ""
                  }
                ],
                "address": "",
                "alias_ip_range": [],
                "name": "nic0",
                "network": "https://www.googleapis.com/compute/v1/projects/able-balm-233517/global/networks/default",
                "network_ip": "10.140.15.228",
                "subnetwork": "https://www.googleapis.com/compute/v1/projects/able-balm-233517/regions/asia-east1/subnetworks/default",
                "subnetwork_project": "able-balm-233517"
              }
            ],
            "project": "able-balm-233517",
            "scheduling": [
              {
                "automatic_restart": true,
                "node_affinities": [],
                "on_host_maintenance": "MIGRATE",
                "preemptible": false
              }
            ],
            "scratch_disk": [],
            "self_link": "https://www.googleapis.com/compute/v1/projects/able-balm-233517/zones/asia-east1-a/instances/bootnode",
            "service_account": [
              {
                "email": "1014877186787-compute@developer.gserviceaccount.com",
                "scopes": [
                  "https://www.googleapis.com/auth/compute.readonly",
                  "https://www.googleapis.com/auth/devstorage.read_write",
                  "https://www.googleapis.com/auth/userinfo.email"
                ]
              }
            ],
            "shielded_instance_config": [],
            "tags": [
              "startup-node"
            ],
            "tags_fingerprint": "Vdpy8RXGh_A=",
            "timeouts": null,
            "zone": "asia-east1-a"
          }
        }
      ]
    },
    {
      "mode": "managed",
      "type": "google_compute_instance",
      "name": "node1",
      "provider": "provider.google",
      "instances": [
        {
          "schema_version": 6,
          "attributes": {
            "allow_stopping_for_update": null,
            "attached_disk": [],
            "boot_disk": [
              {
                "auto_delete": true,
                "device_name": "persistent-disk-0",
                "disk_encryption_key_raw": "",
                "disk_encryption_key_sha256": "",
                "initialize_params": [
                  {
                    "image": "https://www.googleapis.com/compute/v1/projects/ubuntu-os-cloud/global/images/ubuntu-1604-xenial-v20190628",
                    "size": 50,
                    "type": "pd-standard"
                  }
                ],
                "kms_key_self_link": "",
                "source": "https://www.googleapis.com/compute/v1/projects/able-balm-233517/zones/asia-east1-a/disks/node1"
              }
            ],
            "can_ip_forward": false,
            "cpu_platform": "Intel Broadwell",
            "deletion_protection": false,
            "description": null,
            "disk": [],
            "guest_accelerator": [],
            "hostname": "",
            "id": "node1",
            "instance_id": "1263325943259845183",
            "label_fingerprint": "42WmSpB8rSM=",
            "labels": null,
            "machine_type": "n1-standard-1",
            "metadata": {
              "foo": "bar",
              "startup-script": "#! /bin/bash\nsudo apt-get update\nsudo apt-get install -yq build-essential python-pip rsync\nsudo apt-get install software-properties-common\nsudo add-apt-repository -y ppa:ethereum/ethereum\nsudo apt-get install jq -y\nsudo apt-get update\nsudo apt-get install ethereum -y\nsudo apt-get update -y\nsudo apt-get install -y expect\n\n\ngsutil cp gs://blockchain-123/create_genesis.py /home/\ngsutil cp gs://blockchain-123/output.txt /home/\ngsutil cp gs://blockchain-123/startnode0.sh /home/\n\n#gsutil rm gs://blockchain-123/**\n\n#chmod +x create_genesis.py\nsudo su\ncd /home\nchmod +x startnode0.sh\n\npython create_genesis.py --chain_id \"1234\" --prefunded_accounts \"0x182d8bd276cca922c26f3f84a0a5d725cddbb3a3\" --gas_limit \"0xfff\" --difficulty \"0x400\" --balance \"0293846\"\n\ngeth --datadir node1/ init Genesis.json\n\n\n\n\n"
            },
            "metadata_fingerprint": "Pp5OF7gP80o=",
            "metadata_startup_script": null,
            "min_cpu_platform": "",
            "name": "node1",
            "network_interface": [
              {
                "access_config": [
                  {
                    "assigned_nat_ip": "",
                    "nat_ip": "34.80.102.28",
                    "network_tier": "PREMIUM",
                    "public_ptr_domain_name": ""
                  }
                ],
                "address": "",
                "alias_ip_range": [],
                "name": "nic0",
                "network": "https://www.googleapis.com/compute/v1/projects/able-balm-233517/global/networks/default",
                "network_ip": "10.140.15.230",
                "subnetwork": "https://www.googleapis.com/compute/v1/projects/able-balm-233517/regions/asia-east1/subnetworks/default",
                "subnetwork_project": "able-balm-233517"
              }
            ],
            "project": "able-balm-233517",
            "scheduling": [
              {
                "automatic_restart": true,
                "node_affinities": [],
                "on_host_maintenance": "MIGRATE",
                "preemptible": false
              }
            ],
            "scratch_disk": [],
            "self_link": "https://www.googleapis.com/compute/v1/projects/able-balm-233517/zones/asia-east1-a/instances/node1",
            "service_account": [
              {
                "email": "1014877186787-compute@developer.gserviceaccount.com",
                "scopes": [
                  "https://www.googleapis.com/auth/compute.readonly",
                  "https://www.googleapis.com/auth/devstorage.read_write",
                  "https://www.googleapis.com/auth/userinfo.email"
                ]
              }
            ],
            "shielded_instance_config": [],
            "tags": [
              "startup-node"
            ],
            "tags_fingerprint": "Vdpy8RXGh_A=",
            "timeouts": null,
            "zone": "asia-east1-a"
          }
        }
      ]
    },
    {
      "mode": "managed",
      "type": "google_compute_instance",
      "name": "node2",
      "provider": "provider.google",
      "instances": [
        {
          "schema_version": 6,
          "attributes": {
            "allow_stopping_for_update": null,
            "attached_disk": [],
            "boot_disk": [
              {
                "auto_delete": true,
                "device_name": "persistent-disk-0",
                "disk_encryption_key_raw": "",
                "disk_encryption_key_sha256": "",
                "initialize_params": [
                  {
                    "image": "https://www.googleapis.com/compute/v1/projects/ubuntu-os-cloud/global/images/ubuntu-1604-xenial-v20190628",
                    "size": 50,
                    "type": "pd-standard"
                  }
                ],
                "kms_key_self_link": "",
                "source": "https://www.googleapis.com/compute/v1/projects/able-balm-233517/zones/asia-east1-a/disks/node2"
              }
            ],
            "can_ip_forward": false,
            "cpu_platform": "Intel Broadwell",
            "deletion_protection": false,
            "description": null,
            "disk": [],
            "guest_accelerator": [],
            "hostname": "",
            "id": "node2",
            "instance_id": "1573444812781769278",
            "label_fingerprint": "42WmSpB8rSM=",
            "labels": null,
            "machine_type": "n1-standard-1",
            "metadata": {
              "foo": "bar",
              "startup-script": "#! /bin/bash\nsudo apt-get update\nsudo apt-get install -yq build-essential python-pip rsync\nsudo apt-get install software-properties-common\nsudo add-apt-repository -y ppa:ethereum/ethereum\nsudo apt-get install jq -y\nsudo apt-get update\nsudo apt-get install ethereum -y\nsudo apt-get update -y\nsudo apt-get install -y expect\n\n\ngsutil cp gs://blockchain-123/create_genesis.py /home/\ngsutil cp gs://blockchain-123/output.txt /home/\ngsutil cp gs://blockchain-123/startnode1.sh /home/\n\n#gsutil rm gs://blockchain-123/**\n\n#chmod +x create_genesis.py\nsudo su\ncd /home\nchmod +x startnode1.sh\n\npython create_genesis.py --chain_id \"1234\" --prefunded_accounts \"0x182d8bd276cca922c26f3f84a0a5d725cddbb3a3\" --gas_limit \"0xfff\" --difficulty \"0x400\" --balance \"0293846\"\n\ngeth --datadir node1/ init Genesis.json\n\n\n\n\n"
            },
            "metadata_fingerprint": "6Zf8Q1WwqiI=",
            "metadata_startup_script": null,
            "min_cpu_platform": "",
            "name": "node2",
            "network_interface": [
              {
                "access_config": [
                  {
                    "assigned_nat_ip": "",
                    "nat_ip": "34.80.184.55",
                    "network_tier": "PREMIUM",
                    "public_ptr_domain_name": ""
                  }
                ],
                "address": "",
                "alias_ip_range": [],
                "name": "nic0",
                "network": "https://www.googleapis.com/compute/v1/projects/able-balm-233517/global/networks/default",
                "network_ip": "10.140.15.238",
                "subnetwork": "https://www.googleapis.com/compute/v1/projects/able-balm-233517/regions/asia-east1/subnetworks/default",
                "subnetwork_project": "able-balm-233517"
              }
            ],
            "project": "able-balm-233517",
            "scheduling": [
              {
                "automatic_restart": true,
                "node_affinities": [],
                "on_host_maintenance": "MIGRATE",
                "preemptible": false
              }
            ],
            "scratch_disk": [],
            "self_link": "https://www.googleapis.com/compute/v1/projects/able-balm-233517/zones/asia-east1-a/instances/node2",
            "service_account": [
              {
                "email": "1014877186787-compute@developer.gserviceaccount.com",
                "scopes": [
                  "https://www.googleapis.com/auth/compute.readonly",
                  "https://www.googleapis.com/auth/devstorage.read_write",
                  "https://www.googleapis.com/auth/userinfo.email"
                ]
              }
            ],
            "shielded_instance_config": [],
            "tags": [
              "startup-node"
            ],
            "tags_fingerprint": "Vdpy8RXGh_A=",
            "timeouts": null,
            "zone": "asia-east1-a"
          }
        }
      ]
    },
    {
      "mode": "managed",
      "type": "google_compute_instance",
      "name": "node3",
      "provider": "provider.google",
      "instances": [
        {
          "schema_version": 6,
          "attributes": {
            "allow_stopping_for_update": null,
            "attached_disk": [],
            "boot_disk": [
              {
                "auto_delete": true,
                "device_name": "persistent-disk-0",
                "disk_encryption_key_raw": "",
                "disk_encryption_key_sha256": "",
                "initialize_params": [
                  {
                    "image": "https://www.googleapis.com/compute/v1/projects/ubuntu-os-cloud/global/images/ubuntu-1604-xenial-v20190628",
                    "size": 50,
                    "type": "pd-standard"
                  }
                ],
                "kms_key_self_link": "",
                "source": "https://www.googleapis.com/compute/v1/projects/able-balm-233517/zones/asia-east1-a/disks/node3"
              }
            ],
            "can_ip_forward": false,
            "cpu_platform": "Intel Broadwell",
            "deletion_protection": false,
            "description": null,
            "disk": [],
            "guest_accelerator": [],
            "hostname": "",
            "id": "node3",
            "instance_id": "1053206621197029951",
            "label_fingerprint": "42WmSpB8rSM=",
            "labels": null,
            "machine_type": "n1-standard-1",
            "metadata": {
              "foo": "bar",
              "startup-script": "#! /bin/bash\nsudo apt-get update\nsudo apt-get install -yq build-essential python-pip rsync\nsudo apt-get install software-properties-common\nsudo add-apt-repository -y ppa:ethereum/ethereum\nsudo apt-get install jq -y\nsudo apt-get update\nsudo apt-get install ethereum -y\nsudo apt-get update -y\nsudo apt-get install -y expect\n\n\ngsutil cp gs://blockchain-123/create_genesis.py /home/\ngsutil cp gs://blockchain-123/output.txt /home/\ngsutil cp gs://blockchain-123/startnode2.sh /home/\n\n#gsutil rm gs://blockchain-123/**\n\n#chmod +x create_genesis.py\nsudo su\ncd /home\nchmod +x startnode2.sh\n\npython create_genesis.py --chain_id \"1234\" --prefunded_accounts \"0x182d8bd276cca922c26f3f84a0a5d725cddbb3a3\" --gas_limit \"0xfff\" --difficulty \"0x400\" --balance \"0293846\"\n\ngeth --datadir node1/ init Genesis.json\n\n\n\n\n"
            },
            "metadata_fingerprint": "xCzoyvLuKBY=",
            "metadata_startup_script": null,
            "min_cpu_platform": "",
            "name": "node3",
            "network_interface": [
              {
                "access_config": [
                  {
                    "assigned_nat_ip": "",
                    "nat_ip": "34.80.160.203",
                    "network_tier": "PREMIUM",
                    "public_ptr_domain_name": ""
                  }
                ],
                "address": "",
                "alias_ip_range": [],
                "name": "nic0",
                "network": "https://www.googleapis.com/compute/v1/projects/able-balm-233517/global/networks/default",
                "network_ip": "10.140.15.231",
                "subnetwork": "https://www.googleapis.com/compute/v1/projects/able-balm-233517/regions/asia-east1/subnetworks/default",
                "subnetwork_project": "able-balm-233517"
              }
            ],
            "project": "able-balm-233517",
            "scheduling": [
              {
                "automatic_restart": true,
                "node_affinities": [],
                "on_host_maintenance": "MIGRATE",
                "preemptible": false
              }
            ],
            "scratch_disk": [],
            "self_link": "https://www.googleapis.com/compute/v1/projects/able-balm-233517/zones/asia-east1-a/instances/node3",
            "service_account": [
              {
                "email": "1014877186787-compute@developer.gserviceaccount.com",
                "scopes": [
                  "https://www.googleapis.com/auth/compute.readonly",
                  "https://www.googleapis.com/auth/devstorage.read_write",
                  "https://www.googleapis.com/auth/userinfo.email"
                ]
              }
            ],
            "shielded_instance_config": [],
            "tags": [
              "startup-node"
            ],
            "tags_fingerprint": "Vdpy8RXGh_A=",
            "timeouts": null,
            "zone": "asia-east1-a"
          }
        }
      ]
    },
    {
      "mode": "managed",
      "type": "google_compute_instance",
      "name": "validnode1",
      "provider": "provider.google",
      "instances": [
        {
          "schema_version": 6,
          "attributes": {
            "allow_stopping_for_update": null,
            "attached_disk": [],
            "boot_disk": [
              {
                "auto_delete": true,
                "device_name": "persistent-disk-0",
                "disk_encryption_key_raw": "",
                "disk_encryption_key_sha256": "",
                "initialize_params": [
                  {
                    "image": "https://www.googleapis.com/compute/v1/projects/ubuntu-os-cloud/global/images/ubuntu-1604-xenial-v20190628",
                    "size": 50,
                    "type": "pd-standard"
                  }
                ],
                "kms_key_self_link": "",
                "source": "https://www.googleapis.com/compute/v1/projects/able-balm-233517/zones/asia-east1-a/disks/validnode1"
              }
            ],
            "can_ip_forward": false,
            "cpu_platform": "Intel Broadwell",
            "deletion_protection": false,
            "description": null,
            "disk": [],
            "guest_accelerator": [],
            "hostname": "",
            "id": "validnode1",
            "instance_id": "1101723404996301374",
            "label_fingerprint": "42WmSpB8rSM=",
            "labels": null,
            "machine_type": "n1-standard-1",
            "metadata": {
              "foo": "bar",
              "startup-script": "#! /bin/bash\nsudo apt-get update\nsudo apt-get install -yq build-essential python-pip rsync\nsudo apt-get install software-properties-common\nsudo add-apt-repository -y ppa:ethereum/ethereum\nsudo apt-get install jq -y\nsudo apt-get update\nsudo apt-get install ethereum -y\nsudo apt-get update -y\nsudo apt-get install -y expect\n\n\n#gsutil cp /home/shonak/repos/eth-template/automated_network_gcp/create_genesis.py gs://blockchain-123/ \n#gsutil cp /home/shonak/repos/eth-template/automated_network_gcp/startexp0.exp gs://blockchain-123/ \n#gsutil cp /home/shonak/repos/eth-template/automated_network_gcp/startup_validate0.sh gs://blockchain-123/ \ngsutil cp gs://blockchain-123/create_genesis.py /home/\ngsutil cp gs://blockchain-123/output.txt /home/\ngsutil cp gs://blockchain-123/startexp0.exp /home/\ngsutil cp gs://blockchain-123/startup_validate0.sh /home/\ngsutil cp gs://blockchain-123/startvalidnode0.sh /home/\n\n#gsutil rm gs://blockchain-123/**\n\ncd /home\nsudo su\n\nchmod +x startup_validate0.sh\nchmod +x startexp0.exp\nchmod +x startvalidnode0.sh\n./startexp0.exp\n"
            },
            "metadata_fingerprint": "3To5CSlBCJU=",
            "metadata_startup_script": null,
            "min_cpu_platform": "",
            "name": "validnode1",
            "network_interface": [
              {
                "access_config": [
                  {
                    "assigned_nat_ip": "",
                    "nat_ip": "34.80.241.50",
                    "network_tier": "PREMIUM",
                    "public_ptr_domain_name": ""
                  }
                ],
                "address": "",
                "alias_ip_range": [],
                "name": "nic0",
                "network": "https://www.googleapis.com/compute/v1/projects/able-balm-233517/global/networks/default",
                "network_ip": "10.140.15.233",
                "subnetwork": "https://www.googleapis.com/compute/v1/projects/able-balm-233517/regions/asia-east1/subnetworks/default",
                "subnetwork_project": "able-balm-233517"
              }
            ],
            "project": "able-balm-233517",
            "scheduling": [
              {
                "automatic_restart": true,
                "node_affinities": [],
                "on_host_maintenance": "MIGRATE",
                "preemptible": false
              }
            ],
            "scratch_disk": [],
            "self_link": "https://www.googleapis.com/compute/v1/projects/able-balm-233517/zones/asia-east1-a/instances/validnode1",
            "service_account": [
              {
                "email": "1014877186787-compute@developer.gserviceaccount.com",
                "scopes": [
                  "https://www.googleapis.com/auth/compute.readonly",
                  "https://www.googleapis.com/auth/devstorage.read_write",
                  "https://www.googleapis.com/auth/userinfo.email"
                ]
              }
            ],
            "shielded_instance_config": [],
            "tags": [
              "startup-node"
            ],
            "tags_fingerprint": "Vdpy8RXGh_A=",
            "timeouts": null,
            "zone": "asia-east1-a"
          }
        }
      ]
    },
    {
      "mode": "managed",
      "type": "google_compute_instance",
      "name": "validnode2",
      "provider": "provider.google",
      "instances": [
        {
          "schema_version": 6,
          "attributes": {
            "allow_stopping_for_update": null,
            "attached_disk": [],
            "boot_disk": [
              {
                "auto_delete": true,
                "device_name": "persistent-disk-0",
                "disk_encryption_key_raw": "",
                "disk_encryption_key_sha256": "",
                "initialize_params": [
                  {
                    "image": "https://www.googleapis.com/compute/v1/projects/ubuntu-os-cloud/global/images/ubuntu-1604-xenial-v20190628",
                    "size": 50,
                    "type": "pd-standard"
                  }
                ],
                "kms_key_self_link": "",
                "source": "https://www.googleapis.com/compute/v1/projects/able-balm-233517/zones/asia-east1-a/disks/validnode2"
              }
            ],
            "can_ip_forward": false,
            "cpu_platform": "Intel Broadwell",
            "deletion_protection": false,
            "description": null,
            "disk": [],
            "guest_accelerator": [],
            "hostname": "",
            "id": "validnode2",
            "instance_id": "441347362620297791",
            "label_fingerprint": "42WmSpB8rSM=",
            "labels": null,
            "machine_type": "n1-standard-1",
            "metadata": {
              "foo": "bar",
              "startup-script": "#! /bin/bash\nsudo apt-get update\nsudo apt-get install -yq build-essential python-pip rsync\nsudo apt-get install software-properties-common\nsudo add-apt-repository -y ppa:ethereum/ethereum\nsudo apt-get install jq -y\nsudo apt-get update\nsudo apt-get install ethereum -y\nsudo apt-get update -y\nsudo apt-get install -y expect\n\n\n#gsutil cp /home/shonak/repos/eth-template/automated_network_gcp/create_genesis.py gs://blockchain-123/ \n#gsutil cp /home/shonak/repos/eth-template/automated_network_gcp/startexp1.exp gs://blockchain-123/ \n#gsutil cp /home/shonak/repos/eth-template/automated_network_gcp/startup_validate1.sh gs://blockchain-123/ \ngsutil cp gs://blockchain-123/create_genesis.py /home/\ngsutil cp gs://blockchain-123/output.txt /home/\ngsutil cp gs://blockchain-123/startexp1.exp /home/\ngsutil cp gs://blockchain-123/startup_validate1.sh /home/\ngsutil cp gs://blockchain-123/startvalidnode1.sh /home/\n\n#gsutil rm gs://blockchain-123/**\n\ncd /home\nsudo su\n\nchmod +x startup_validate1.sh\nchmod +x startexp1.exp\nchmod +x startvalidnode1.sh\n./startexp1.exp\n"
            },
            "metadata_fingerprint": "U9pbPVij0xI=",
            "metadata_startup_script": null,
            "min_cpu_platform": "",
            "name": "validnode2",
            "network_interface": [
              {
                "access_config": [
                  {
                    "assigned_nat_ip": "",
                    "nat_ip": "35.194.157.181",
                    "network_tier": "PREMIUM",
                    "public_ptr_domain_name": ""
                  }
                ],
                "address": "",
                "alias_ip_range": [],
                "name": "nic0",
                "network": "https://www.googleapis.com/compute/v1/projects/able-balm-233517/global/networks/default",
                "network_ip": "10.140.15.227",
                "subnetwork": "https://www.googleapis.com/compute/v1/projects/able-balm-233517/regions/asia-east1/subnetworks/default",
                "subnetwork_project": "able-balm-233517"
              }
            ],
            "project": "able-balm-233517",
            "scheduling": [
              {
                "automatic_restart": true,
                "node_affinities": [],
                "on_host_maintenance": "MIGRATE",
                "preemptible": false
              }
            ],
            "scratch_disk": [],
            "self_link": "https://www.googleapis.com/compute/v1/projects/able-balm-233517/zones/asia-east1-a/instances/validnode2",
            "service_account": [
              {
                "email": "1014877186787-compute@developer.gserviceaccount.com",
                "scopes": [
                  "https://www.googleapis.com/auth/compute.readonly",
                  "https://www.googleapis.com/auth/devstorage.read_write",
                  "https://www.googleapis.com/auth/userinfo.email"
                ]
              }
            ],
            "shielded_instance_config": [],
            "tags": [
              "startup-node"
            ],
            "tags_fingerprint": "Vdpy8RXGh_A=",
            "timeouts": null,
            "zone": "asia-east1-a"
          }
        }
      ]
    },
    {
      "mode": "managed",
      "type": "random_id",
      "name": "instance_id",
      "provider": "provider.random",
      "instances": [
        {
          "schema_version": 0,
          "attributes": {
            "b64": "D7q8KaKffwQ",
            "b64_std": "D7q8KaKffwQ=",
            "b64_url": "D7q8KaKffwQ",
            "byte_length": 8,
            "dec": "1133425143245143812",
            "hex": "0fbabc29a29f7f04",
            "id": "D7q8KaKffwQ",
            "keepers": null,
            "prefix": null
          }
        }
      ]
    }
  ]
}
